// !$*UTF8*$!
{
	archiveVersion = 1;
	classes = {
	};
	objectVersion = 56;
	objects = {

/* Begin PBXBuildFile section */
		03AB6DEC2D0E032A0047FB1E /* ShoppingListApp.swift in Sources */ = {isa = PBXBuildFile; fileRef = 03AB6DEB2D0E032A0047FB1E /* ShoppingListApp.swift */; };
		03AB6DEE2D0E032A0047FB1E /* ContentView.swift in Sources */ = {isa = PBXBuildFile; fileRef = 03AB6DED2D0E032A0047FB1E /* ContentView.swift */; };
		03AB6DF02D0E032D0047FB1E /* Assets.xcassets in Resources */ = {isa = PBXBuildFile; fileRef = 03AB6DEF2D0E032D0047FB1E /* Assets.xcassets */; };
		03AB6DF32D0E032D0047FB1E /* Preview Assets.xcassets in Resources */ = {isa = PBXBuildFile; fileRef = 03AB6DF22D0E032D0047FB1E /* Preview Assets.xcassets */; };
		03AB6DF52D0E032D0047FB1E /* Persistence.swift in Sources */ = {isa = PBXBuildFile; fileRef = 03AB6DF42D0E032D0047FB1E /* Persistence.swift */; };
		03AB6DF82D0E032D0047FB1E /* ShoppingList.xcdatamodeld in Sources */ = {isa = PBXBuildFile; fileRef = 03AB6DF62D0E032D0047FB1E /* ShoppingList.xcdatamodeld */; };
		03AB6DFF2D0E07C80047FB1E /* DataSeeder.swift in Sources */ = {isa = PBXBuildFile; fileRef = 03AB6DFE2D0E07C80047FB1E /* DataSeeder.swift */; };
		03AB6E022D0E08EE0047FB1E /* ProductListView.swift in Sources */ = {isa = PBXBuildFile; fileRef = 03AB6E012D0E08EE0047FB1E /* ProductListView.swift */; };
		03AB6E042D0E13F20047FB1E /* ProductDetailView.swift in Sources */ = {isa = PBXBuildFile; fileRef = 03AB6E032D0E13F20047FB1E /* ProductDetailView.swift */; };
		03AB6E062D0E14370047FB1E /* CartView.swift in Sources */ = {isa = PBXBuildFile; fileRef = 03AB6E052D0E14370047FB1E /* CartView.swift */; };
		03AB6E082D0E18080047FB1E /* CartManager.swift in Sources */ = {isa = PBXBuildFile; fileRef = 03AB6E072D0E18080047FB1E /* CartManager.swift */; };
/* End PBXBuildFile section */

/* Begin PBXFileReference section */
		03AB6DE82D0E032A0047FB1E /* ShoppingList.app */ = {isa = PBXFileReference; explicitFileType = wrapper.application; includeInIndex = 0; path = ShoppingList.app; sourceTree = BUILT_PRODUCTS_DIR; };
		03AB6DEB2D0E032A0047FB1E /* ShoppingListApp.swift */ = {isa = PBXFileReference; lastKnownFileType = sourcecode.swift; path = ShoppingListApp.swift; sourceTree = "<group>"; };
		03AB6DED2D0E032A0047FB1E /* ContentView.swift */ = {isa = PBXFileReference; lastKnownFileType = sourcecode.swift; path = ContentView.swift; sourceTree = "<group>"; };
		03AB6DEF2D0E032D0047FB1E /* Assets.xcassets */ = {isa = PBXFileReference; lastKnownFileType = folder.assetcatalog; path = Assets.xcassets; sourceTree = "<group>"; };
		03AB6DF22D0E032D0047FB1E /* Preview Assets.xcassets */ = {isa = PBXFileReference; lastKnownFileType = folder.assetcatalog; path = "Preview Assets.xcassets"; sourceTree = "<group>"; };
		03AB6DF42D0E032D0047FB1E /* Persistence.swift */ = {isa = PBXFileReference; lastKnownFileType = sourcecode.swift; path = Persistence.swift; sourceTree = "<group>"; };
		03AB6DF72D0E032D0047FB1E /* ShoppingList.xcdatamodel */ = {isa = PBXFileReference; lastKnownFileType = wrapper.xcdatamodel; path = ShoppingList.xcdatamodel; sourceTree = "<group>"; };
		03AB6DFE2D0E07C80047FB1E /* DataSeeder.swift */ = {isa = PBXFileReference; lastKnownFileType = sourcecode.swift; path = DataSeeder.swift; sourceTree = "<group>"; };
		03AB6E012D0E08EE0047FB1E /* ProductListView.swift */ = {isa = PBXFileReference; lastKnownFileType = sourcecode.swift; path = ProductListView.swift; sourceTree = "<group>"; };
		03AB6E032D0E13F20047FB1E /* ProductDetailView.swift */ = {isa = PBXFileReference; lastKnownFileType = sourcecode.swift; path = ProductDetailView.swift; sourceTree = "<group>"; };
		03AB6E052D0E14370047FB1E /* CartView.swift */ = {isa = PBXFileReference; lastKnownFileType = sourcecode.swift; path = CartView.swift; sourceTree = "<group>"; };
		03AB6E072D0E18080047FB1E /* CartManager.swift */ = {isa = PBXFileReference; lastKnownFileType = sourcecode.swift; path = CartManager.swift; sourceTree = "<group>"; };
/* End PBXFileReference section */

/* Begin PBXFrameworksBuildPhase section */
		03AB6DE52D0E032A0047FB1E /* Frameworks */ = {
			isa = PBXFrameworksBuildPhase;
			buildActionMask = 2147483647;
			files = (
			);
			runOnlyForDeploymentPostprocessing = 0;
		};
/* End PBXFrameworksBuildPhase section */

/* Begin PBXGroup section */
		03AB6DDF2D0E032A0047FB1E = {
			isa = PBXGroup;
			children = (
				03AB6DEA2D0E032A0047FB1E /* ShoppingList */,
				03AB6DE92D0E032A0047FB1E /* Products */,
			);
			sourceTree = "<group>";
		};
		03AB6DE92D0E032A0047FB1E /* Products */ = {
			isa = PBXGroup;
			children = (
				03AB6DE82D0E032A0047FB1E /* ShoppingList.app */,
			);
			name = Products;
			sourceTree = "<group>";
		};
		03AB6DEA2D0E032A0047FB1E /* ShoppingList */ = {
			isa = PBXGroup;
			children = (
				03AB6E072D0E18080047FB1E /* CartManager.swift */,
				03AB6E002D0E08CD0047FB1E /* View */,
				03AB6DFE2D0E07C80047FB1E /* DataSeeder.swift */,
				03AB6DEB2D0E032A0047FB1E /* ShoppingListApp.swift */,
				03AB6DEF2D0E032D0047FB1E /* Assets.xcassets */,
				03AB6DF42D0E032D0047FB1E /* Persistence.swift */,
				03AB6DF62D0E032D0047FB1E /* ShoppingList.xcdatamodeld */,
				03AB6DF12D0E032D0047FB1E /* Preview Content */,
			);
			path = ShoppingList;
			sourceTree = "<group>";
		};
		03AB6DF12D0E032D0047FB1E /* Preview Content */ = {
			isa = PBXGroup;
			children = (
				03AB6DF22D0E032D0047FB1E /* Preview Assets.xcassets */,
			);
			path = "Preview Content";
			sourceTree = "<group>";
		};
		03AB6E002D0E08CD0047FB1E /* View */ = {
			isa = PBXGroup;
			children = (
				03AB6DED2D0E032A0047FB1E /* ContentView.swift */,
				03AB6E052D0E14370047FB1E /* CartView.swift */,
				03AB6E032D0E13F20047FB1E /* ProductDetailView.swift */,
				03AB6E012D0E08EE0047FB1E /* ProductListView.swift */,
			);
			path = View;
			sourceTree = "<group>";
		};
/* End PBXGroup section */

/* Begin PBXNativeTarget section */
		03AB6DE72D0E032A0047FB1E /* ShoppingList */ = {
			isa = PBXNativeTarget;
			buildConfigurationList = 03AB6DFB2D0E032D0047FB1E /* Build configuration list for PBXNativeTarget "ShoppingList" */;
			buildPhases = (
				03AB6DE42D0E032A0047FB1E /* Sources */,
				03AB6DE52D0E032A0047FB1E /* Frameworks */,
				03AB6DE62D0E032A0047FB1E /* Resources */,
			);
			buildRules = (
			);
			dependencies = (
			);
			name = ShoppingList;
			productName = ShoppingList;
			productReference = 03AB6DE82D0E032A0047FB1E /* ShoppingList.app */;
			productType = "com.apple.product-type.application";
		};
/* End PBXNativeTarget section */

/* Begin PBXProject section */
		03AB6DE02D0E032A0047FB1E /* Project object */ = {
			isa = PBXProject;
			attributes = {
				BuildIndependentTargetsInParallel = 1;
				LastSwiftUpdateCheck = 1520;
				LastUpgradeCheck = 1520;
				TargetAttributes = {
					03AB6DE72D0E032A0047FB1E = {
						CreatedOnToolsVersion = 15.2;
					};
				};
			};
			buildConfigurationList = 03AB6DE32D0E032A0047FB1E /* Build configuration list for PBXProject "ShoppingList" */;
			compatibilityVersion = "Xcode 14.0";
			developmentRegion = en;
			hasScannedForEncodings = 0;
			knownRegions = (
				en,
				Base,
			);
			mainGroup = 03AB6DDF2D0E032A0047FB1E;
			productRefGroup = 03AB6DE92D0E032A0047FB1E /* Products */;
			projectDirPath = "";
			projectRoot = "";
			targets = (
				03AB6DE72D0E032A0047FB1E /* ShoppingList */,
			);
		};
/* End PBXProject section */

/* Begin PBXResourcesBuildPhase section */
		03AB6DE62D0E032A0047FB1E /* Resources */ = {
			isa = PBXResourcesBuildPhase;
			buildActionMask = 2147483647;
			files = (
				03AB6DF32D0E032D0047FB1E /* Preview Assets.xcassets in Resources */,
				03AB6DF02D0E032D0047FB1E /* Assets.xcassets in Resources */,
			);
			runOnlyForDeploymentPostprocessing = 0;
		};
/* End PBXResourcesBuildPhase section */

/* Begin PBXSourcesBuildPhase section */
		03AB6DE42D0E032A0047FB1E /* Sources */ = {
			isa = PBXSourcesBuildPhase;
			buildActionMask = 2147483647;
			files = (
				03AB6E022D0E08EE0047FB1E /* ProductListView.swift in Sources */,
				03AB6E082D0E18080047FB1E /* CartManager.swift in Sources */,
				03AB6E042D0E13F20047FB1E /* ProductDetailView.swift in Sources */,
				03AB6DF52D0E032D0047FB1E /* Persistence.swift in Sources */,
				03AB6DF82D0E032D0047FB1E /* ShoppingList.xcdatamodeld in Sources */,
				03AB6DEE2D0E032A0047FB1E /* ContentView.swift in Sources */,
				03AB6DFF2D0E07C80047FB1E /* DataSeeder.swift in Sources */,
				03AB6E062D0E14370047FB1E /* CartView.swift in Sources */,
				03AB6DEC2D0E032A0047FB1E /* ShoppingListApp.swift in Sources */,
			);
			runOnlyForDeploymentPostprocessing = 0;
		};
/* End PBXSourcesBuildPhase section */

/* Begin XCBuildConfiguration section */
		03AB6DF92D0E032D0047FB1E /* Debug */ = {
			isa = XCBuildConfiguration;
			buildSettings = {
				ALWAYS_SEARCH_USER_PATHS = NO;
				ASSETCATALOG_COMPILER_GENERATE_SWIFT_ASSET_SYMBOL_EXTENSIONS = YES;
				CLANG_ANALYZER_NONNULL = YES;
				CLANG_ANALYZER_NUMBER_OBJECT_CONVERSION = YES_AGGRESSIVE;
				CLANG_CXX_LANGUAGE_STANDARD = "gnu++20";
				CLANG_ENABLE_MODULES = YES;
				CLANG_ENABLE_OBJC_ARC = YES;
				CLANG_ENABLE_OBJC_WEAK = YES;
				CLANG_WARN_BLOCK_CAPTURE_AUTORELEASING = YES;
				CLANG_WARN_BOOL_CONVERSION = YES;
				CLANG_WARN_COMMA = YES;
				CLANG_WARN_CONSTANT_CONVERSION = YES;
				CLANG_WARN_DEPRECATED_OBJC_IMPLEMENTATIONS = YES;
				CLANG_WARN_DIRECT_OBJC_ISA_USAGE = YES_ERROR;
				CLANG_WARN_DOCUMENTATION_COMMENTS = YES;
				CLANG_WARN_EMPTY_BODY = YES;
				CLANG_WARN_ENUM_CONVERSION = YES;
				CLANG_WARN_INFINITE_RECURSION = YES;
				CLANG_WARN_INT_CONVERSION = YES;
				CLANG_WARN_NON_LITERAL_NULL_CONVERSION = YES;
				CLANG_WARN_OBJC_IMPLICIT_RETAIN_SELF = YES;
				CLANG_WARN_OBJC_LITERAL_CONVERSION = YES;
				CLANG_WARN_OBJC_ROOT_CLASS = YES_ERROR;
				CLANG_WARN_QUOTED_INCLUDE_IN_FRAMEWORK_HEADER = YES;
				CLANG_WARN_RANGE_LOOP_ANALYSIS = YES;
				CLANG_WARN_STRICT_PROTOTYPES = YES;
				CLANG_WARN_SUSPICIOUS_MOVE = YES;
				CLANG_WARN_UNGUARDED_AVAILABILITY = YES_AGGRESSIVE;
				CLANG_WARN_UNREACHABLE_CODE = YES;
				CLANG_WARN__DUPLICATE_METHOD_MATCH = YES;
				COPY_PHASE_STRIP = NO;
				DEBUG_INFORMATION_FORMAT = dwarf;
				ENABLE_STRICT_OBJC_MSGSEND = YES;
				ENABLE_TESTABILITY = YES;
				ENABLE_USER_SCRIPT_SANDBOXING = YES;
				GCC_C_LANGUAGE_STANDARD = gnu17;
				GCC_DYNAMIC_NO_PIC = NO;
				GCC_NO_COMMON_BLOCKS = YES;
				GCC_OPTIMIZATION_LEVEL = 0;
				GCC_PREPROCESSOR_DEFINITIONS = (
					"DEBUG=1",
					"$(inherited)",
				);
				GCC_WARN_64_TO_32_BIT_CONVERSION = YES;
				GCC_WARN_ABOUT_RETURN_TYPE = YES_ERROR;
				GCC_WARN_UNDECLARED_SELECTOR = YES;
				GCC_WARN_UNINITIALIZED_AUTOS = YES_AGGRESSIVE;
				GCC_WARN_UNUSED_FUNCTION = YES;
				GCC_WARN_UNUSED_VARIABLE = YES;
				IPHONEOS_DEPLOYMENT_TARGET = 17.2;
				LOCALIZATION_PREFERS_STRING_CATALOGS = YES;
				MTL_ENABLE_DEBUG_INFO = INCLUDE_SOURCE;
				MTL_FAST_MATH = YES;
				ONLY_ACTIVE_ARCH = YES;
				SDKROOT = iphoneos;
				SWIFT_ACTIVE_COMPILATION_CONDITIONS = "DEBUG $(inherited)";
				SWIFT_OPTIMIZATION_LEVEL = "-Onone";
			};
			name = Debug;
		};
		03AB6DFA2D0E032D0047FB1E /* Release */ = {
			isa = XCBuildConfiguration;
			buildSettings = {
				ALWAYS_SEARCH_USER_PATHS = NO;
				ASSETCATALOG_COMPILER_GENERATE_SWIFT_ASSET_SYMBOL_EXTENSIONS = YES;
				CLANG_ANALYZER_NONNULL = YES;
				CLANG_ANALYZER_NUMBER_OBJECT_CONVERSION = YES_AGGRESSIVE;
				CLANG_CXX_LANGUAGE_STANDARD = "gnu++20";
				CLANG_ENABLE_MODULES = YES;
				CLANG_ENABLE_OBJC_ARC = YES;
				CLANG_ENABLE_OBJC_WEAK = YES;
				CLANG_WARN_BLOCK_CAPTURE_AUTORELEASING = YES;
				CLANG_WARN_BOOL_CONVERSION = YES;
				CLANG_WARN_COMMA = YES;
				CLANG_WARN_CONSTANT_CONVERSION = YES;
				CLANG_WARN_DEPRECATED_OBJC_IMPLEMENTATIONS = YES;
				CLANG_WARN_DIRECT_OBJC_ISA_USAGE = YES_ERROR;
				CLANG_WARN_DOCUMENTATION_COMMENTS = YES;
				CLANG_WARN_EMPTY_BODY = YES;
				CLANG_WARN_ENUM_CONVERSION = YES;
				CLANG_WARN_INFINITE_RECURSION = YES;
				CLANG_WARN_INT_CONVERSION = YES;
				CLANG_WARN_NON_LITERAL_NULL_CONVERSION = YES;
				CLANG_WARN_OBJC_IMPLICIT_RETAIN_SELF = YES;
				CLANG_WARN_OBJC_LITERAL_CONVERSION = YES;
				CLANG_WARN_OBJC_ROOT_CLASS = YES_ERROR;
				CLANG_WARN_QUOTED_INCLUDE_IN_FRAMEWORK_HEADER = YES;
				CLANG_WARN_RANGE_LOOP_ANALYSIS = YES;
				CLANG_WARN_STRICT_PROTOTYPES = YES;
				CLANG_WARN_SUSPICIOUS_MOVE = YES;
				CLANG_WARN_UNGUARDED_AVAILABILITY = YES_AGGRESSIVE;
				CLANG_WARN_UNREACHABLE_CODE = YES;
				CLANG_WARN__DUPLICATE_METHOD_MATCH = YES;
				COPY_PHASE_STRIP = NO;
				DEBUG_INFORMATION_FORMAT = "dwarf-with-dsym";
				ENABLE_NS_ASSERTIONS = NO;
				ENABLE_STRICT_OBJC_MSGSEND = YES;
				ENABLE_USER_SCRIPT_SANDBOXING = YES;
				GCC_C_LANGUAGE_STANDARD = gnu17;
				GCC_NO_COMMON_BLOCKS = YES;
				GCC_WARN_64_TO_32_BIT_CONVERSION = YES;
				GCC_WARN_ABOUT_RETURN_TYPE = YES_ERROR;
				GCC_WARN_UNDECLARED_SELECTOR = YES;
				GCC_WARN_UNINITIALIZED_AUTOS = YES_AGGRESSIVE;
				GCC_WARN_UNUSED_FUNCTION = YES;
				GCC_WARN_UNUSED_VARIABLE = YES;
				IPHONEOS_DEPLOYMENT_TARGET = 17.2;
				LOCALIZATION_PREFERS_STRING_CATALOGS = YES;
				MTL_ENABLE_DEBUG_INFO = NO;
				MTL_FAST_MATH = YES;
				SDKROOT = iphoneos;
				SWIFT_COMPILATION_MODE = wholemodule;
				VALIDATE_PRODUCT = YES;
			};
			name = Release;
		};
		03AB6DFC2D0E032D0047FB1E /* Debug */ = {
			isa = XCBuildConfiguration;
			buildSettings = {
				ASSETCATALOG_COMPILER_APPICON_NAME = AppIcon;
				ASSETCATALOG_COMPILER_GLOBAL_ACCENT_COLOR_NAME = AccentColor;
				CODE_SIGN_STYLE = Automatic;
				CURRENT_PROJECT_VERSION = 1;
				DEVELOPMENT_ASSET_PATHS = "\"ShoppingList/Preview Content\"";
				ENABLE_PREVIEWS = YES;
				GENERATE_INFOPLIST_FILE = YES;
				INFOPLIST_KEY_UIApplicationSceneManifest_Generation = YES;
				INFOPLIST_KEY_UIApplicationSupportsIndirectInputEvents = YES;
				INFOPLIST_KEY_UILaunchScreen_Generation = YES;
				INFOPLIST_KEY_UISupportedInterfaceOrientations_iPad = "UIInterfaceOrientationPortrait UIInterfaceOrientationPortraitUpsideDown UIInterfaceOrientationLandscapeLeft UIInterfaceOrientationLandscapeRight";
				INFOPLIST_KEY_UISupportedInterfaceOrientations_iPhone = "UIInterfaceOrientationPortrait UIInterfaceOrientationLandscapeLeft UIInterfaceOrientationLandscapeRight";
				LD_RUNPATH_SEARCH_PATHS = (
					"$(inherited)",
					"@executable_path/Frameworks",
				);
				MARKETING_VERSION = 1.0;
				PRODUCT_BUNDLE_IDENTIFIER = ios.ShoppingList;
				PRODUCT_NAME = "$(TARGET_NAME)";
				SWIFT_EMIT_LOC_STRINGS = YES;
				SWIFT_VERSION = 5.0;
				TARGETED_DEVICE_FAMILY = "1,2";
			};
			name = Debug;
		};
		03AB6DFD2D0E032D0047FB1E /* Release */ = {
			isa = XCBuildConfiguration;
			buildSettings = {
				ASSETCATALOG_COMPILER_APPICON_NAME = AppIcon;
				ASSETCATALOG_COMPILER_GLOBAL_ACCENT_COLOR_NAME = AccentColor;
				CODE_SIGN_STYLE = Automatic;
				CURRENT_PROJECT_VERSION = 1;
				DEVELOPMENT_ASSET_PATHS = "\"ShoppingList/Preview Content\"";
				ENABLE_PREVIEWS = YES;
				GENERATE_INFOPLIST_FILE = YES;
				INFOPLIST_KEY_UIApplicationSceneManifest_Generation = YES;
				INFOPLIST_KEY_UIApplicationSupportsIndirectInputEvents = YES;
				INFOPLIST_KEY_UILaunchScreen_Generation = YES;
				INFOPLIST_KEY_UISupportedInterfaceOrientations_iPad = "UIInterfaceOrientationPortrait UIInterfaceOrientationPortraitUpsideDown UIInterfaceOrientationLandscapeLeft UIInterfaceOrientationLandscapeRight";
				INFOPLIST_KEY_UISupportedInterfaceOrientations_iPhone = "UIInterfaceOrientationPortrait UIInterfaceOrientationLandscapeLeft UIInterfaceOrientationLandscapeRight";
				LD_RUNPATH_SEARCH_PATHS = (
					"$(inherited)",
					"@executable_path/Frameworks",
				);
				MARKETING_VERSION = 1.0;
				PRODUCT_BUNDLE_IDENTIFIER = ios.ShoppingList;
				PRODUCT_NAME = "$(TARGET_NAME)";
				SWIFT_EMIT_LOC_STRINGS = YES;
				SWIFT_VERSION = 5.0;
				TARGETED_DEVICE_FAMILY = "1,2";
			};
			name = Release;
		};
/* End XCBuildConfiguration section */

/* Begin XCConfigurationList section */
		03AB6DE32D0E032A0047FB1E /* Build configuration list for PBXProject "ShoppingList" */ = {
			isa = XCConfigurationList;
			buildConfigurations = (
				03AB6DF92D0E032D0047FB1E /* Debug */,
				03AB6DFA2D0E032D0047FB1E /* Release */,
			);
			defaultConfigurationIsVisible = 0;
			defaultConfigurationName = Release;
		};
		03AB6DFB2D0E032D0047FB1E /* Build configuration list for PBXNativeTarget "ShoppingList" */ = {
			isa = XCConfigurationList;
			buildConfigurations = (
				03AB6DFC2D0E032D0047FB1E /* Debug */,
				03AB6DFD2D0E032D0047FB1E /* Release */,
			);
			defaultConfigurationIsVisible = 0;
			defaultConfigurationName = Release;
		};
/* End XCConfigurationList section */

/* Begin XCVersionGroup section */
		03AB6DF62D0E032D0047FB1E /* ShoppingList.xcdatamodeld */ = {
			isa = XCVersionGroup;
			children = (
				03AB6DF72D0E032D0047FB1E /* ShoppingList.xcdatamodel */,
			);
			currentVersion = 03AB6DF72D0E032D0047FB1E /* ShoppingList.xcdatamodel */;
			path = ShoppingList.xcdatamodeld;
			sourceTree = "<group>";
			versionGroupType = wrapper.xcdatamodel;
		};
/* End XCVersionGroup section */
	};
	rootObject = 03AB6DE02D0E032A0047FB1E /* Project object */;
}
